---
default: &default
  id: text_block_default
  type: text-block
  value: ""
  reference-id: ""
  x: 100
  y: 100
  width: 100
  height: 100
  display: true
  value: ""
  multiple-line: false
  format:
    base: ""
    type: ""
  style:
    font-family: Helvetica
    font-size: 18
    color: #000000
    font-style: ""
    text-align: left
    vertical-align: top
    line-height: ""
    line-height-ratio: ""
    letter-spacing: ""
    overflow: truncate
    word-wrap: break-word

with_multiple:
  <<: *default
  id: text_block_multiple
  multiple-line: true

with_default_value:
  <<: *default
  id: text_block_default_value
  value: "10000"

with_number_formatting:
  <<: *default
  id: text_block_number_formatting
  format:
    base: ""
    type: number
    number:
      precision: 1
      delimiter: ,

with_base_formatting:
  <<: *default
  id: text_block_base_formatting
  format:
    base: "- {value} -"
    type: ""

with_reference_to_default:
  <<: *default
  id: text_block_reference_to_default
  reference-id: text_block_default

with_reference_to_formatting:
  <<: *default
  id: text_block_reference_to_number_formatting
  reference-id: text_block_number_formatting
